{
  "name": "node-torrent",
  "version": "1.0.0",
  "lockfileVersion": 3,
  "requires": true,
  "packages": {
    "": {
      "name": "node-torrent",
      "version": "1.0.0",
      "license": "ISC",
      "workspaces": [
        "packages/parse-torrent",
        "packages/torrent-discovery"
      ],
      "dependencies": {
        "bencode": "^4.0.0"
      }
    },
    "node_modules/base64-arraybuffer": {
      "version": "1.0.2",
      "resolved": "https://registry.npmjs.org/base64-arraybuffer/-/base64-arraybuffer-1.0.2.tgz",
      "integrity": "sha512-I3yl4r9QB5ZRY3XuJVEPfc2XhZO6YweFPI+UovAzn+8/hb3oJ6lnysaFcjVpkCPfVWFUDvoZ8kmVDP7WyRtYtQ==",
      "license": "MIT",
      "engines": {
        "node": ">= 0.6.0"
      }
    },
    "node_modules/bencode": {
      "version": "4.0.0",
      "resolved": "https://registry.npmjs.org/bencode/-/bencode-4.0.0.tgz",
      "integrity": "sha512-AERXw18df0pF3ziGOCyUjqKZBVNH8HV3lBxnx5w0qtgMIk4a1wb9BkcCQbkp9Zstfrn/dzRwl7MmUHHocX3sRQ==",
      "license": "MIT",
      "dependencies": {
        "uint8-util": "^2.2.2"
      },
      "engines": {
        "node": ">=12.20.0"
      }
    },
    "node_modules/parse-torrent": {
      "resolved": "packages/parse-torrent",
      "link": true
    },
    "node_modules/torrent-discovery": {
      "resolved": "packages/torrent-discovery",
      "link": true
    },
    "node_modules/uint8-util": {
      "version": "2.2.6",
      "resolved": "https://registry.npmjs.org/uint8-util/-/uint8-util-2.2.6.tgz",
      "integrity": "sha512-r+ZjS8CzPhtPF771ROOadUoqC40OVdiMKBI8lTfJQWb4W7+73sMBwMYmai/uvNcmZ7tBJJyZSad03yMWIt3RQg==",
      "license": "MIT",
      "dependencies": {
        "base64-arraybuffer": "^1.0.2"
      }
    },
    "packages/parse-torrent": {
      "version": "1.0.0",
      "license": "ISC"
    },
    "packages/torrent-discovery": {
      "version": "1.0.0",
      "license": "ISC",
      "devDependencies": {}
    }
  }
}
